
Microsoft Visual Studio Solution File, Format Version 11.00
# Visual Studio 2010
Project("{FAE04EC0-301F-11D3-BF4B-00C04F79EFBC}") = "FizzBuzz", "FizzBuzz\FizzBuzz.csproj", "{4917FB1B-6E60-47B5-996D-D7E4D8ABAF42}"
EndProject
Project("{2150E333-8FDC-42A3-9474-1A3956D46DE8}") = "Solution Items", "Solution Items", "{D87758F4-A06F-4CD8-A646-83A14E9C0ACA}"
	ProjectSection(SolutionItems) = preProject
		FizzBuzz.vsmdi = FizzBuzz.vsmdi
		Local.testsettings = Local.testsettings
		TraceAndTestImpact.testsettings = TraceAndTestImpact.testsettings
	EndProjectSection
EndProject
Project("{FAE04EC0-301F-11D3-BF4B-00C04F79EFBC}") = "FizzBuzzTestProject", "FizzBuzzTestProject\FizzBuzzTestProject.csproj", "{BD8DDD7A-0B8F-476D-B4B7-960C915F9346}"
EndProject
Global
	GlobalSection(TestCaseManagementSettings) = postSolution
		CategoryFile = FizzBuzz.vsmdi
	EndGlobalSection
	GlobalSection(SolutionConfigurationPlatforms) = preSolution
		Debug|Any CPU = Debug|Any CPU
		Debug|Mixed Platforms = Debug|Mixed Platforms
		Debug|x86 = Debug|x86
		Release|Any CPU = Release|Any CPU
		Release|Mixed Platforms = Release|Mixed Platforms
		Release|x86 = Release|x86
	EndGlobalSection
	GlobalSection(ProjectConfigurationPlatforms) = postSolution
		{4917FB1B-6E60-47B5-996D-D7E4D8ABAF42}.Debug|Any CPU.ActiveCfg = Debug|x86
		{4917FB1B-6E60-47B5-996D-D7E4D8ABAF42}.Debug|Mixed Platforms.ActiveCfg = Debug|x86
		{4917FB1B-6E60-47B5-996D-D7E4D8ABAF42}.Debug|Mixed Platforms.Build.0 = Debug|x86
		{4917FB1B-6E60-47B5-996D-D7E4D8ABAF42}.Debug|x86.ActiveCfg = Debug|x86
		{4917FB1B-6E60-47B5-996D-D7E4D8ABAF42}.Debug|x86.Build.0 = Debug|x86
		{4917FB1B-6E60-47B5-996D-D7E4D8ABAF42}.Release|Any CPU.ActiveCfg = Release|x86
		{4917FB1B-6E60-47B5-996D-D7E4D8ABAF42}.Release|Mixed Platforms.ActiveCfg = Release|x86
		{4917FB1B-6E60-47B5-996D-D7E4D8ABAF42}.Release|Mixed Platforms.Build.0 = Release|x86
		{4917FB1B-6E60-47B5-996D-D7E4D8ABAF42}.Release|x86.ActiveCfg = Release|x86
		{4917FB1B-6E60-47B5-996D-D7E4D8ABAF42}.Release|x86.Build.0 = Release|x86
		{BD8DDD7A-0B8F-476D-B4B7-960C915F9346}.Debug|Any CPU.ActiveCfg = Debug|Any CPU
		{BD8DDD7A-0B8F-476D-B4B7-960C915F9346}.Debug|Any CPU.Build.0 = Debug|Any CPU
		{BD8DDD7A-0B8F-476D-B4B7-960C915F9346}.Debug|Mixed Platforms.ActiveCfg = Debug|Any CPU
		{BD8DDD7A-0B8F-476D-B4B7-960C915F9346}.Debug|Mixed Platforms.Build.0 = Debug|Any CPU
		{BD8DDD7A-0B8F-476D-B4B7-960C915F9346}.Debug|x86.ActiveCfg = Debug|Any CPU
		{BD8DDD7A-0B8F-476D-B4B7-960C915F9346}.Release|Any CPU.ActiveCfg = Release|Any CPU
		{BD8DDD7A-0B8F-476D-B4B7-960C915F9346}.Release|Any CPU.Build.0 = Release|Any CPU
		{BD8DDD7A-0B8F-476D-B4B7-960C915F9346}.Release|Mixed Platforms.ActiveCfg = Release|Any CPU
		{BD8DDD7A-0B8F-476D-B4B7-960C915F9346}.Release|Mixed Platforms.Build.0 = Release|Any CPU
		{BD8DDD7A-0B8F-476D-B4B7-960C915F9346}.Release|x86.ActiveCfg = Release|Any CPU
	EndGlobalSection
	GlobalSection(SolutionProperties) = preSolution
		HideSolutionNode = FALSE
	EndGlobalSection
EndGlobal
